
Microsoft Visual Studio Solution File, Format Version 12.00
# Visual Studio Version 16
VisualStudioVersion = 16.0.29905.134
MinimumVisualStudioVersion = 10.0.40219.1
Project("{FAE04EC0-301F-11D3-BF4B-00C04F79EFBC}") = "MendozaGitHubDemo", "MendozaGitHubDemo.csproj", "{158C62E8-A2C9-4263-BB9A-BD515B68A6DD}"
EndProject
Global
	GlobalSection(SolutionConfigurationPlatforms) = preSolution
		Debug|Any CPU = Debug|Any CPU
		Release|Any CPU = Release|Any CPU
	EndGlobalSection
	GlobalSection(ProjectConfigurationPlatforms) = postSolution
		{158C62E8-A2C9-4263-BB9A-BD515B68A6DD}.Debug|Any CPU.ActiveCfg = Debug|Any CPU
		{158C62E8-A2C9-4263-BB9A-BD515B68A6DD}.Debug|Any CPU.Build.0 = Debug|Any CPU
		{158C62E8-A2C9-4263-BB9A-BD515B68A6DD}.Release|Any CPU.ActiveCfg = Release|Any CPU
		{158C62E8-A2C9-4263-BB9A-BD515B68A6DD}.Release|Any CPU.Build.0 = Release|Any CPU
	EndGlobalSection
	GlobalSection(SolutionProperties) = preSolution
		HideSolutionNode = FALSE
	EndGlobalSection
	GlobalSection(ExtensibilityGlobals) = postSolution
		SolutionGuid = {DFF986DA-3230-414C-B2B2-527C85204BF5}
	EndGlobalSection
EndGlobal
